
Microsoft Visual Studio Solution File, Format Version 12.00
# Visual Studio Version 17
VisualStudioVersion = 17.5.002.0
MinimumVisualStudioVersion = 10.0.40219.1
Project("{9A19103F-16F7-4668-BE54-9A1E7A4F7556}") = "IpUpdaterService", "IpUpdaterService\IpUpdaterService.csproj", "{0D70293F-2C21-478C-87EC-21F02F3F3069}"
EndProject
Global
	GlobalSection(SolutionConfigurationPlatforms) = preSolution
		Debug|Any CPU = Debug|Any CPU
		Release|Any CPU = Release|Any CPU
	EndGlobalSection
	GlobalSection(ProjectConfigurationPlatforms) = postSolution
		{0D70293F-2C21-478C-87EC-21F02F3F3069}.Debug|Any CPU.ActiveCfg = Debug|Any CPU
		{0D70293F-2C21-478C-87EC-21F02F3F3069}.Debug|Any CPU.Build.0 = Debug|Any CPU
		{0D70293F-2C21-478C-87EC-21F02F3F3069}.Release|Any CPU.ActiveCfg = Release|Any CPU
		{0D70293F-2C21-478C-87EC-21F02F3F3069}.Release|Any CPU.Build.0 = Release|Any CPU
	EndGlobalSection
	GlobalSection(SolutionProperties) = preSolution
		HideSolutionNode = FALSE
	EndGlobalSection
	GlobalSection(ExtensibilityGlobals) = postSolution
		SolutionGuid = {FCF0E894-8F1A-4FE8-B06D-3EE902266AB5}
	EndGlobalSection
EndGlobal
